
Microsoft Visual Studio Solution File, Format Version 12.00
Project("{FAE04EC0-301F-11D3-BF4B-00C04F79EFBC}") = "Tetris", "Tetris\Tetris.csproj", "{FECC73CA-47A8-4E11-9BB6-BB2A6275B4CC}"
EndProject
Global
	GlobalSection(SolutionConfigurationPlatforms) = preSolution
		Debug|Any CPU = Debug|Any CPU
		Release|Any CPU = Release|Any CPU
	EndGlobalSection
	GlobalSection(ProjectConfigurationPlatforms) = postSolution
		{FECC73CA-47A8-4E11-9BB6-BB2A6275B4CC}.Debug|Any CPU.ActiveCfg = Debug|Any CPU
		{FECC73CA-47A8-4E11-9BB6-BB2A6275B4CC}.Debug|Any CPU.Build.0 = Debug|Any CPU
		{FECC73CA-47A8-4E11-9BB6-BB2A6275B4CC}.Release|Any CPU.ActiveCfg = Release|Any CPU
		{FECC73CA-47A8-4E11-9BB6-BB2A6275B4CC}.Release|Any CPU.Build.0 = Release|Any CPU
	EndGlobalSection
EndGlobal
